
Microsoft Visual Studio Solution File, Format Version 12.00
# Visual Studio Version 16
VisualStudioVersion = 16.0.31702.278
MinimumVisualStudioVersion = 10.0.40219.1
Project("{FAE04EC0-301F-11D3-BF4B-00C04F79EFBC}") = "task3", "task3\task3.csproj", "{31D735AA-BBE8-4473-B2BF-E620F13AB9EB}"
EndProject
Global
	GlobalSection(SolutionConfigurationPlatforms) = preSolution
		Debug|Any CPU = Debug|Any CPU
		Release|Any CPU = Release|Any CPU
	EndGlobalSection
	GlobalSection(ProjectConfigurationPlatforms) = postSolution
		{31D735AA-BBE8-4473-B2BF-E620F13AB9EB}.Debug|Any CPU.ActiveCfg = Debug|Any CPU
		{31D735AA-BBE8-4473-B2BF-E620F13AB9EB}.Debug|Any CPU.Build.0 = Debug|Any CPU
		{31D735AA-BBE8-4473-B2BF-E620F13AB9EB}.Release|Any CPU.ActiveCfg = Release|Any CPU
		{31D735AA-BBE8-4473-B2BF-E620F13AB9EB}.Release|Any CPU.Build.0 = Release|Any CPU
	EndGlobalSection
	GlobalSection(SolutionProperties) = preSolution
		HideSolutionNode = FALSE
	EndGlobalSection
	GlobalSection(ExtensibilityGlobals) = postSolution
		SolutionGuid = {DEFB19CC-99ED-48D2-8EDA-8EEF2947D2D7}
	EndGlobalSection
EndGlobal
